// !$*UTF8*$!
{
	archiveVersion = 1;
	classes = {
	};
	objectVersion = 50;
	objects = {

/* Begin PBXBuildFile section */
		835F9B56250CFB67005A73AC /* AppDelegate.swift in Sources */ = {isa = PBXBuildFile; fileRef = 835F9B55250CFB67005A73AC /* AppDelegate.swift */; };
		835F9B58250CFB67005A73AC /* SceneDelegate.swift in Sources */ = {isa = PBXBuildFile; fileRef = 835F9B57250CFB67005A73AC /* SceneDelegate.swift */; };
		835F9B5A250CFB67005A73AC /* ContentView.swift in Sources */ = {isa = PBXBuildFile; fileRef = 835F9B59250CFB67005A73AC /* ContentView.swift */; };
		835F9B5C250CFB68005A73AC /* Assets.xcassets in Resources */ = {isa = PBXBuildFile; fileRef = 835F9B5B250CFB68005A73AC /* Assets.xcassets */; };
		835F9B5F250CFB68005A73AC /* Preview Assets.xcassets in Resources */ = {isa = PBXBuildFile; fileRef = 835F9B5E250CFB68005A73AC /* Preview Assets.xcassets */; };
		835F9B62250CFB68005A73AC /* LaunchScreen.storyboard in Resources */ = {isa = PBXBuildFile; fileRef = 835F9B60250CFB68005A73AC /* LaunchScreen.storyboard */; };
		835F9B6A250D0192005A73AC /* Member.swift in Sources */ = {isa = PBXBuildFile; fileRef = 835F9B69250D0192005A73AC /* Member.swift */; };
		835F9B6C250D0B16005A73AC /* ImagePicker.swift in Sources */ = {isa = PBXBuildFile; fileRef = 835F9B6B250D0B16005A73AC /* ImagePicker.swift */; };
		835F9B6E250DC94D005A73AC /* PhotoNameView.swift in Sources */ = {isa = PBXBuildFile; fileRef = 835F9B6D250DC94D005A73AC /* PhotoNameView.swift */; };
		83ACDA6C25140F09006F180B /* ImageDetailView.swift in Sources */ = {isa = PBXBuildFile; fileRef = 83ACDA6B25140F09006F180B /* ImageDetailView.swift */; };
/* End PBXBuildFile section */

/* Begin PBXFileReference section */
		835F9B52250CFB67005A73AC /* MeetupRemainder.app */ = {isa = PBXFileReference; explicitFileType = wrapper.application; includeInIndex = 0; path = MeetupRemainder.app; sourceTree = BUILT_PRODUCTS_DIR; };
		835F9B55250CFB67005A73AC /* AppDelegate.swift */ = {isa = PBXFileReference; lastKnownFileType = sourcecode.swift; path = AppDelegate.swift; sourceTree = "<group>"; };
		835F9B57250CFB67005A73AC /* SceneDelegate.swift */ = {isa = PBXFileReference; lastKnownFileType = sourcecode.swift; path = SceneDelegate.swift; sourceTree = "<group>"; };
		835F9B59250CFB67005A73AC /* ContentView.swift */ = {isa = PBXFileReference; lastKnownFileType = sourcecode.swift; path = ContentView.swift; sourceTree = "<group>"; };
		835F9B5B250CFB68005A73AC /* Assets.xcassets */ = {isa = PBXFileReference; lastKnownFileType = folder.assetcatalog; path = Assets.xcassets; sourceTree = "<group>"; };
		835F9B5E250CFB68005A73AC /* Preview Assets.xcassets */ = {isa = PBXFileReference; lastKnownFileType = folder.assetcatalog; path = "Preview Assets.xcassets"; sourceTree = "<group>"; };
		835F9B61250CFB68005A73AC /* Base */ = {isa = PBXFileReference; lastKnownFileType = file.storyboard; name = Base; path = Base.lproj/LaunchScreen.storyboard; sourceTree = "<group>"; };
		835F9B63250CFB68005A73AC /* Info.plist */ = {isa = PBXFileReference; lastKnownFileType = text.plist.xml; path = Info.plist; sourceTree = "<group>"; };
		835F9B69250D0192005A73AC /* Member.swift */ = {isa = PBXFileReference; lastKnownFileType = sourcecode.swift; path = Member.swift; sourceTree = "<group>"; };
		835F9B6B250D0B16005A73AC /* ImagePicker.swift */ = {isa = PBXFileReference; lastKnownFileType = sourcecode.swift; path = ImagePicker.swift; sourceTree = "<group>"; };
		835F9B6D250DC94D005A73AC /* PhotoNameView.swift */ = {isa = PBXFileReference; lastKnownFileType = sourcecode.swift; path = PhotoNameView.swift; sourceTree = "<group>"; };
		83ACDA6B25140F09006F180B /* ImageDetailView.swift */ = {isa = PBXFileReference; lastKnownFileType = sourcecode.swift; path = ImageDetailView.swift; sourceTree = "<group>"; };
/* End PBXFileReference section */

/* Begin PBXFrameworksBuildPhase section */
		835F9B4F250CFB67005A73AC /* Frameworks */ = {
			isa = PBXFrameworksBuildPhase;
			buildActionMask = 2147483647;
			files = (
			);
			runOnlyForDeploymentPostprocessing = 0;
		};
/* End PBXFrameworksBuildPhase section */

/* Begin PBXGroup section */
		835F9B49250CFB67005A73AC = {
			isa = PBXGroup;
			children = (
				835F9B54250CFB67005A73AC /* MeetupRemainder */,
				835F9B53250CFB67005A73AC /* Products */,
			);
			sourceTree = "<group>";
		};
		835F9B53250CFB67005A73AC /* Products */ = {
			isa = PBXGroup;
			children = (
				835F9B52250CFB67005A73AC /* MeetupRemainder.app */,
			);
			name = Products;
			sourceTree = "<group>";
		};
		835F9B54250CFB67005A73AC /* MeetupRemainder */ = {
			isa = PBXGroup;
			children = (
				835F9B69250D0192005A73AC /* Member.swift */,
				835F9B6B250D0B16005A73AC /* ImagePicker.swift */,
				835F9B55250CFB67005A73AC /* AppDelegate.swift */,
				835F9B57250CFB67005A73AC /* SceneDelegate.swift */,
				835F9B59250CFB67005A73AC /* ContentView.swift */,
				83ACDA6B25140F09006F180B /* ImageDetailView.swift */,
				835F9B6D250DC94D005A73AC /* PhotoNameView.swift */,
				835F9B5B250CFB68005A73AC /* Assets.xcassets */,
				835F9B60250CFB68005A73AC /* LaunchScreen.storyboard */,
				835F9B63250CFB68005A73AC /* Info.plist */,
				835F9B5D250CFB68005A73AC /* Preview Content */,
			);
			path = MeetupRemainder;
			sourceTree = "<group>";
		};
		835F9B5D250CFB68005A73AC /* Preview Content */ = {
			isa = PBXGroup;
			children = (
				835F9B5E250CFB68005A73AC /* Preview Assets.xcassets */,
			);
			path = "Preview Content";
			sourceTree = "<group>";
		};
/* End PBXGroup section */

/* Begin PBXNativeTarget section */
		835F9B51250CFB67005A73AC /* MeetupRemainder */ = {
			isa = PBXNativeTarget;
			buildConfigurationList = 835F9B66250CFB68005A73AC /* Build configuration list for PBXNativeTarget "MeetupRemainder" */;
			buildPhases = (
				835F9B4E250CFB67005A73AC /* Sources */,
				835F9B4F250CFB67005A73AC /* Frameworks */,
				835F9B50250CFB67005A73AC /* Resources */,
			);
			buildRules = (
			);
			dependencies = (
			);
			name = MeetupRemainder;
			productName = MeetupRemainder;
			productReference = 835F9B52250CFB67005A73AC /* MeetupRemainder.app */;
			productType = "com.apple.product-type.application";
		};
/* End PBXNativeTarget section */

/* Begin PBXProject section */
		835F9B4A250CFB67005A73AC /* Project object */ = {
			isa = PBXProject;
			attributes = {
				LastSwiftUpdateCheck = 1160;
				LastUpgradeCheck = 1160;
				ORGANIZATIONNAME = "Vegesna, Vijay V";
				TargetAttributes = {
					835F9B51250CFB67005A73AC = {
						CreatedOnToolsVersion = 11.6;
					};
				};
			};
			buildConfigurationList = 835F9B4D250CFB67005A73AC /* Build configuration list for PBXProject "MeetupRemainder" */;
			compatibilityVersion = "Xcode 9.3";
			developmentRegion = en;
			hasScannedForEncodings = 0;
			knownRegions = (
				en,
				Base,
			);
			mainGroup = 835F9B49250CFB67005A73AC;
			productRefGroup = 835F9B53250CFB67005A73AC /* Products */;
			projectDirPath = "";
			projectRoot = "";
			targets = (
				835F9B51250CFB67005A73AC /* MeetupRemainder */,
			);
		};
/* End PBXProject section */

/* Begin PBXResourcesBuildPhase section */
		835F9B50250CFB67005A73AC /* Resources */ = {
			isa = PBXResourcesBuildPhase;
			buildActionMask = 2147483647;
			files = (
				835F9B62250CFB68005A73AC /* LaunchScreen.storyboard in Resources */,
				835F9B5F250CFB68005A73AC /* Preview Assets.xcassets in Resources */,
				835F9B5C250CFB68005A73AC /* Assets.xcassets in Resources */,
			);
			runOnlyForDeploymentPostprocessing = 0;
		};
/* End PBXResourcesBuildPhase section */

/* Begin PBXSourcesBuildPhase section */
		835F9B4E250CFB67005A73AC /* Sources */ = {
			isa = PBXSourcesBuildPhase;
			buildActionMask = 2147483647;
			files = (
				835F9B56250CFB67005A73AC /* AppDelegate.swift in Sources */,
				83ACDA6C25140F09006F180B /* ImageDetailView.swift in Sources */,
				835F9B58250CFB67005A73AC /* SceneDelegate.swift in Sources */,
				835F9B6E250DC94D005A73AC /* PhotoNameView.swift in Sources */,
				835F9B6C250D0B16005A73AC /* ImagePicker.swift in Sources */,
				835F9B5A250CFB67005A73AC /* ContentView.swift in Sources */,
				835F9B6A250D0192005A73AC /* Member.swift in Sources */,
			);
			runOnlyForDeploymentPostprocessing = 0;
		};
/* End PBXSourcesBuildPhase section */

/* Begin PBXVariantGroup section */
		835F9B60250CFB68005A73AC /* LaunchScreen.storyboard */ = {
			isa = PBXVariantGroup;
			children = (
				835F9B61250CFB68005A73AC /* Base */,
			);
			name = LaunchScreen.storyboard;
			sourceTree = "<group>";
		};
/* End PBXVariantGroup section */

/* Begin XCBuildConfiguration section */
		835F9B64250CFB68005A73AC /* Debug */ = {
			isa = XCBuildConfiguration;
			buildSettings = {
				ALWAYS_SEARCH_USER_PATHS = NO;
				CLANG_ANALYZER_NONNULL = YES;
				CLANG_ANALYZER_NUMBER_OBJECT_CONVERSION = YES_AGGRESSIVE;
				CLANG_CXX_LANGUAGE_STANDARD = "gnu++14";
				CLANG_CXX_LIBRARY = "libc++";
				CLANG_ENABLE_MODULES = YES;
				CLANG_ENABLE_OBJC_ARC = YES;
				CLANG_ENABLE_OBJC_WEAK = YES;
				CLANG_WARN_BLOCK_CAPTURE_AUTORELEASING = YES;
				CLANG_WARN_BOOL_CONVERSION = YES;
				CLANG_WARN_COMMA = YES;
				CLANG_WARN_CONSTANT_CONVERSION = YES;
				CLANG_WARN_DEPRECATED_OBJC_IMPLEMENTATIONS = YES;
				CLANG_WARN_DIRECT_OBJC_ISA_USAGE = YES_ERROR;
				CLANG_WARN_DOCUMENTATION_COMMENTS = YES;
				CLANG_WARN_EMPTY_BODY = YES;
				CLANG_WARN_ENUM_CONVERSION = YES;
				CLANG_WARN_INFINITE_RECURSION = YES;
				CLANG_WARN_INT_CONVERSION = YES;
				CLANG_WARN_NON_LITERAL_NULL_CONVERSION = YES;
				CLANG_WARN_OBJC_IMPLICIT_RETAIN_SELF = YES;
				CLANG_WARN_OBJC_LITERAL_CONVERSION = YES;
				CLANG_WARN_OBJC_ROOT_CLASS = YES_ERROR;
				CLANG_WARN_RANGE_LOOP_ANALYSIS = YES;
				CLANG_WARN_STRICT_PROTOTYPES = YES;
				CLANG_WARN_SUSPICIOUS_MOVE = YES;
				CLANG_WARN_UNGUARDED_AVAILABILITY = YES_AGGRESSIVE;
				CLANG_WARN_UNREACHABLE_CODE = YES;
				CLANG_WARN__DUPLICATE_METHOD_MATCH = YES;
				COPY_PHASE_STRIP = NO;
				DEBUG_INFORMATION_FORMAT = dwarf;
				ENABLE_STRICT_OBJC_MSGSEND = YES;
				ENABLE_TESTABILITY = YES;
				GCC_C_LANGUAGE_STANDARD = gnu11;
				GCC_DYNAMIC_NO_PIC = NO;
				GCC_NO_COMMON_BLOCKS = YES;
				GCC_OPTIMIZATION_LEVEL = 0;
				GCC_PREPROCESSOR_DEFINITIONS = (
					"DEBUG=1",
					"$(inherited)",
				);
				GCC_WARN_64_TO_32_BIT_CONVERSION = YES;
				GCC_WARN_ABOUT_RETURN_TYPE = YES_ERROR;
				GCC_WARN_UNDECLARED_SELECTOR = YES;
				GCC_WARN_UNINITIALIZED_AUTOS = YES_AGGRESSIVE;
				GCC_WARN_UNUSED_FUNCTION = YES;
				GCC_WARN_UNUSED_VARIABLE = YES;
				IPHONEOS_DEPLOYMENT_TARGET = 13.6;
				MTL_ENABLE_DEBUG_INFO = INCLUDE_SOURCE;
				MTL_FAST_MATH = YES;
				ONLY_ACTIVE_ARCH = YES;
				SDKROOT = iphoneos;
				SWIFT_ACTIVE_COMPILATION_CONDITIONS = DEBUG;
				SWIFT_OPTIMIZATION_LEVEL = "-Onone";
			};
			name = Debug;
		};
		835F9B65250CFB68005A73AC /* Release */ = {
			isa = XCBuildConfiguration;
			buildSettings = {
				ALWAYS_SEARCH_USER_PATHS = NO;
				CLANG_ANALYZER_NONNULL = YES;
				CLANG_ANALYZER_NUMBER_OBJECT_CONVERSION = YES_AGGRESSIVE;
				CLANG_CXX_LANGUAGE_STANDARD = "gnu++14";
				CLANG_CXX_LIBRARY = "libc++";
				CLANG_ENABLE_MODULES = YES;
				CLANG_ENABLE_OBJC_ARC = YES;
				CLANG_ENABLE_OBJC_WEAK = YES;
				CLANG_WARN_BLOCK_CAPTURE_AUTORELEASING = YES;
				CLANG_WARN_BOOL_CONVERSION = YES;
				CLANG_WARN_COMMA = YES;
				CLANG_WARN_CONSTANT_CONVERSION = YES;
				CLANG_WARN_DEPRECATED_OBJC_IMPLEMENTATIONS = YES;
				CLANG_WARN_DIRECT_OBJC_ISA_USAGE = YES_ERROR;
				CLANG_WARN_DOCUMENTATION_COMMENTS = YES;
				CLANG_WARN_EMPTY_BODY = YES;
				CLANG_WARN_ENUM_CONVERSION = YES;
				CLANG_WARN_INFINITE_RECURSION = YES;
				CLANG_WARN_INT_CONVERSION = YES;
				CLANG_WARN_NON_LITERAL_NULL_CONVERSION = YES;
				CLANG_WARN_OBJC_IMPLICIT_RETAIN_SELF = YES;
				CLANG_WARN_OBJC_LITERAL_CONVERSION = YES;
				CLANG_WARN_OBJC_ROOT_CLASS = YES_ERROR;
				CLANG_WARN_RANGE_LOOP_ANALYSIS = YES;
				CLANG_WARN_STRICT_PROTOTYPES = YES;
				CLANG_WARN_SUSPICIOUS_MOVE = YES;
				CLANG_WARN_UNGUARDED_AVAILABILITY = YES_AGGRESSIVE;
				CLANG_WARN_UNREACHABLE_CODE = YES;
				CLANG_WARN__DUPLICATE_METHOD_MATCH = YES;
				COPY_PHASE_STRIP = NO;
				DEBUG_INFORMATION_FORMAT = "dwarf-with-dsym";
				ENABLE_NS_ASSERTIONS = NO;
				ENABLE_STRICT_OBJC_MSGSEND = YES;
				GCC_C_LANGUAGE_STANDARD = gnu11;
				GCC_NO_COMMON_BLOCKS = YES;
				GCC_WARN_64_TO_32_BIT_CONVERSION = YES;
				GCC_WARN_ABOUT_RETURN_TYPE = YES_ERROR;
				GCC_WARN_UNDECLARED_SELECTOR = YES;
				GCC_WARN_UNINITIALIZED_AUTOS = YES_AGGRESSIVE;
				GCC_WARN_UNUSED_FUNCTION = YES;
				GCC_WARN_UNUSED_VARIABLE = YES;
				IPHONEOS_DEPLOYMENT_TARGET = 13.6;
				MTL_ENABLE_DEBUG_INFO = NO;
				MTL_FAST_MATH = YES;
				SDKROOT = iphoneos;
				SWIFT_COMPILATION_MODE = wholemodule;
				SWIFT_OPTIMIZATION_LEVEL = "-O";
				VALIDATE_PRODUCT = YES;
			};
			name = Release;
		};
		835F9B67250CFB68005A73AC /* Debug */ = {
			isa = XCBuildConfiguration;
			buildSettings = {
				ASSETCATALOG_COMPILER_APPICON_NAME = AppIcon;
				CODE_SIGN_STYLE = Automatic;
				DEVELOPMENT_ASSET_PATHS = "\"MeetupRemainder/Preview Content\"";
				DEVELOPMENT_TEAM = R8A5WRA6YZ;
				ENABLE_PREVIEWS = YES;
				INFOPLIST_FILE = MeetupRemainder/Info.plist;
				LD_RUNPATH_SEARCH_PATHS = (
					"$(inherited)",
					"@executable_path/Frameworks",
				);
				PRODUCT_BUNDLE_IDENTIFIER = me.vegesna.vijay.MeetupRemainder;
				PRODUCT_NAME = "$(TARGET_NAME)";
				SWIFT_VERSION = 5.0;
				TARGETED_DEVICE_FAMILY = "1,2";
			};
			name = Debug;
		};
		835F9B68250CFB68005A73AC /* Release */ = {
			isa = XCBuildConfiguration;
			buildSettings = {
				ASSETCATALOG_COMPILER_APPICON_NAME = AppIcon;
				CODE_SIGN_STYLE = Automatic;
				DEVELOPMENT_ASSET_PATHS = "\"MeetupRemainder/Preview Content\"";
				DEVELOPMENT_TEAM = R8A5WRA6YZ;
				ENABLE_PREVIEWS = YES;
				INFOPLIST_FILE = MeetupRemainder/Info.plist;
				LD_RUNPATH_SEARCH_PATHS = (
					"$(inherited)",
					"@executable_path/Frameworks",
				);
				PRODUCT_BUNDLE_IDENTIFIER = me.vegesna.vijay.MeetupRemainder;
				PRODUCT_NAME = "$(TARGET_NAME)";
				SWIFT_VERSION = 5.0;
				TARGETED_DEVICE_FAMILY = "1,2";
			};
			name = Release;
		};
/* End XCBuildConfiguration section */

/* Begin XCConfigurationList section */
		835F9B4D250CFB67005A73AC /* Build configuration list for PBXProject "MeetupRemainder" */ = {
			isa = XCConfigurationList;
			buildConfigurations = (
				835F9B64250CFB68005A73AC /* Debug */,
				835F9B65250CFB68005A73AC /* Release */,
			);
			defaultConfigurationIsVisible = 0;
			defaultConfigurationName = Release;
		};
		835F9B66250CFB68005A73AC /* Build configuration list for PBXNativeTarget "MeetupRemainder" */ = {
			isa = XCConfigurationList;
			buildConfigurations = (
				835F9B67250CFB68005A73AC /* Debug */,
				835F9B68250CFB68005A73AC /* Release */,
			);
			defaultConfigurationIsVisible = 0;
			defaultConfigurationName = Release;
		};
/* End XCConfigurationList section */
	};
	rootObject = 835F9B4A250CFB67005A73AC /* Project object */;
}
